// !$*UTF8*$!
{
	archiveVersion = 1;
	classes = {
	};
	objectVersion = 56;
	objects = {

/* Begin PBXBuildFile section */
		7F42F90E2B715F4F003B96B7 /* AppDelegate.swift in Sources */ = {isa = PBXBuildFile; fileRef = 7F42F90D2B715F4F003B96B7 /* AppDelegate.swift */; };
		7F42F9102B715F4F003B96B7 /* SceneDelegate.swift in Sources */ = {isa = PBXBuildFile; fileRef = 7F42F90F2B715F4F003B96B7 /* SceneDelegate.swift */; };
		7F42F9152B715F4F003B96B7 /* Main.storyboard in Resources */ = {isa = PBXBuildFile; fileRef = 7F42F9132B715F4F003B96B7 /* Main.storyboard */; };
		7F42F9172B715F50003B96B7 /* Assets.xcassets in Resources */ = {isa = PBXBuildFile; fileRef = 7F42F9162B715F50003B96B7 /* Assets.xcassets */; };
		7F42F91A2B715F50003B96B7 /* LaunchScreen.storyboard in Resources */ = {isa = PBXBuildFile; fileRef = 7F42F9182B715F50003B96B7 /* LaunchScreen.storyboard */; };
		7FE563132B836FF6002562F3 /* LentaViewController.swift in Sources */ = {isa = PBXBuildFile; fileRef = 7FE563122B836FF6002562F3 /* LentaViewController.swift */; };
		7FE563152B837008002562F3 /* NotificationViewController.swift in Sources */ = {isa = PBXBuildFile; fileRef = 7FE563142B837008002562F3 /* NotificationViewController.swift */; };
		7FE563172B837010002562F3 /* ProfileViewController.swift in Sources */ = {isa = PBXBuildFile; fileRef = 7FE563162B837010002562F3 /* ProfileViewController.swift */; };
		7FE5631B2B837D7C002562F3 /* StoriesTableViewCell.swift in Sources */ = {isa = PBXBuildFile; fileRef = 7FE5631A2B837D7C002562F3 /* StoriesTableViewCell.swift */; };
		7FE5631D2B8398A3002562F3 /* PostTableViewCell.swift in Sources */ = {isa = PBXBuildFile; fileRef = 7FE5631C2B8398A3002562F3 /* PostTableViewCell.swift */; };
		7FE563212B83CDA5002562F3 /* RecomendationTableViewCell.swift in Sources */ = {isa = PBXBuildFile; fileRef = 7FE563202B83CDA5002562F3 /* RecomendationTableViewCell.swift */; };
		7FE563272B851B4C002562F3 /* PhotoNotificationTableViewCell.swift in Sources */ = {isa = PBXBuildFile; fileRef = 7FE563262B851B4C002562F3 /* PhotoNotificationTableViewCell.swift */; };
		7FE563292B851B59002562F3 /* ButtonNotificationTableViewCell.swift in Sources */ = {isa = PBXBuildFile; fileRef = 7FE563282B851B59002562F3 /* ButtonNotificationTableViewCell.swift */; };
		7FE5632C2B852764002562F3 /* Photo.swift in Sources */ = {isa = PBXBuildFile; fileRef = 7FE5632B2B852764002562F3 /* Photo.swift */; };
		7FE5632E2B85276D002562F3 /* Button.swift in Sources */ = {isa = PBXBuildFile; fileRef = 7FE5632D2B85276D002562F3 /* Button.swift */; };
		7FE563302B852791002562F3 /* Enums.swift in Sources */ = {isa = PBXBuildFile; fileRef = 7FE5632F2B852791002562F3 /* Enums.swift */; };
		7FE563322B860D2D002562F3 /* Service.swift in Sources */ = {isa = PBXBuildFile; fileRef = 7FE563312B860D2D002562F3 /* Service.swift */; };
		7FE563342B86305C002562F3 /* MainTabBarController.swift in Sources */ = {isa = PBXBuildFile; fileRef = 7FE563332B86305C002562F3 /* MainTabBarController.swift */; };
/* End PBXBuildFile section */

/* Begin PBXFileReference section */
		7F42F90A2B715F4F003B96B7 /* uikit-dz.app */ = {isa = PBXFileReference; explicitFileType = wrapper.application; includeInIndex = 0; path = "uikit-dz.app"; sourceTree = BUILT_PRODUCTS_DIR; };
		7F42F90D2B715F4F003B96B7 /* AppDelegate.swift */ = {isa = PBXFileReference; lastKnownFileType = sourcecode.swift; path = AppDelegate.swift; sourceTree = "<group>"; };
		7F42F90F2B715F4F003B96B7 /* SceneDelegate.swift */ = {isa = PBXFileReference; lastKnownFileType = sourcecode.swift; path = SceneDelegate.swift; sourceTree = "<group>"; };
		7F42F9142B715F4F003B96B7 /* Base */ = {isa = PBXFileReference; lastKnownFileType = file.storyboard; name = Base; path = Base.lproj/Main.storyboard; sourceTree = "<group>"; };
		7F42F9162B715F50003B96B7 /* Assets.xcassets */ = {isa = PBXFileReference; lastKnownFileType = folder.assetcatalog; path = Assets.xcassets; sourceTree = "<group>"; };
		7F42F9192B715F50003B96B7 /* Base */ = {isa = PBXFileReference; lastKnownFileType = file.storyboard; name = Base; path = Base.lproj/LaunchScreen.storyboard; sourceTree = "<group>"; };
		7F42F91B2B715F50003B96B7 /* Info.plist */ = {isa = PBXFileReference; lastKnownFileType = text.plist.xml; path = Info.plist; sourceTree = "<group>"; };
		7FE563122B836FF6002562F3 /* LentaViewController.swift */ = {isa = PBXFileReference; lastKnownFileType = sourcecode.swift; path = LentaViewController.swift; sourceTree = "<group>"; };
		7FE563142B837008002562F3 /* NotificationViewController.swift */ = {isa = PBXFileReference; lastKnownFileType = sourcecode.swift; path = NotificationViewController.swift; sourceTree = "<group>"; };
		7FE563162B837010002562F3 /* ProfileViewController.swift */ = {isa = PBXFileReference; lastKnownFileType = sourcecode.swift; path = ProfileViewController.swift; sourceTree = "<group>"; };
		7FE5631A2B837D7C002562F3 /* StoriesTableViewCell.swift */ = {isa = PBXFileReference; lastKnownFileType = sourcecode.swift; path = StoriesTableViewCell.swift; sourceTree = "<group>"; };
		7FE5631C2B8398A3002562F3 /* PostTableViewCell.swift */ = {isa = PBXFileReference; lastKnownFileType = sourcecode.swift; path = PostTableViewCell.swift; sourceTree = "<group>"; };
		7FE563202B83CDA5002562F3 /* RecomendationTableViewCell.swift */ = {isa = PBXFileReference; lastKnownFileType = sourcecode.swift; path = RecomendationTableViewCell.swift; sourceTree = "<group>"; };
		7FE563262B851B4C002562F3 /* PhotoNotificationTableViewCell.swift */ = {isa = PBXFileReference; lastKnownFileType = sourcecode.swift; path = PhotoNotificationTableViewCell.swift; sourceTree = "<group>"; };
		7FE563282B851B59002562F3 /* ButtonNotificationTableViewCell.swift */ = {isa = PBXFileReference; lastKnownFileType = sourcecode.swift; path = ButtonNotificationTableViewCell.swift; sourceTree = "<group>"; };
		7FE5632B2B852764002562F3 /* Photo.swift */ = {isa = PBXFileReference; lastKnownFileType = sourcecode.swift; path = Photo.swift; sourceTree = "<group>"; };
		7FE5632D2B85276D002562F3 /* Button.swift */ = {isa = PBXFileReference; lastKnownFileType = sourcecode.swift; path = Button.swift; sourceTree = "<group>"; };
		7FE5632F2B852791002562F3 /* Enums.swift */ = {isa = PBXFileReference; lastKnownFileType = sourcecode.swift; path = Enums.swift; sourceTree = "<group>"; };
		7FE563312B860D2D002562F3 /* Service.swift */ = {isa = PBXFileReference; lastKnownFileType = sourcecode.swift; path = Service.swift; sourceTree = "<group>"; };
		7FE563332B86305C002562F3 /* MainTabBarController.swift */ = {isa = PBXFileReference; lastKnownFileType = sourcecode.swift; path = MainTabBarController.swift; sourceTree = "<group>"; };
/* End PBXFileReference section */

/* Begin PBXFrameworksBuildPhase section */
		7F42F9072B715F4F003B96B7 /* Frameworks */ = {
			isa = PBXFrameworksBuildPhase;
			buildActionMask = 2147483647;
			files = (
			);
			runOnlyForDeploymentPostprocessing = 0;
		};
/* End PBXFrameworksBuildPhase section */

/* Begin PBXGroup section */
		7F42F9012B715F4F003B96B7 = {
			isa = PBXGroup;
			children = (
				7F42F90C2B715F4F003B96B7 /* uikit-dz */,
				7F42F90B2B715F4F003B96B7 /* Products */,
			);
			sourceTree = "<group>";
		};
		7F42F90B2B715F4F003B96B7 /* Products */ = {
			isa = PBXGroup;
			children = (
				7F42F90A2B715F4F003B96B7 /* uikit-dz.app */,
			);
			name = Products;
			sourceTree = "<group>";
		};
		7F42F90C2B715F4F003B96B7 /* uikit-dz */ = {
			isa = PBXGroup;
			children = (
				7FE563252B83E84F002562F3 /* ViewController */,
				7FE563242B83E83F002562F3 /* Cells */,
				7FE563192B837028002562F3 /* App */,
			);
			path = "uikit-dz";
			sourceTree = "<group>";
		};
		7FE563192B837028002562F3 /* App */ = {
			isa = PBXGroup;
			children = (
				7F42F90F2B715F4F003B96B7 /* SceneDelegate.swift */,
				7F42F9132B715F4F003B96B7 /* Main.storyboard */,
				7F42F9182B715F50003B96B7 /* LaunchScreen.storyboard */,
				7F42F91B2B715F50003B96B7 /* Info.plist */,
				7F42F9162B715F50003B96B7 /* Assets.xcassets */,
				7F42F90D2B715F4F003B96B7 /* AppDelegate.swift */,
			);
			path = App;
			sourceTree = "<group>";
		};
		7FE563242B83E83F002562F3 /* Cells */ = {
			isa = PBXGroup;
			children = (
				7FE563202B83CDA5002562F3 /* RecomendationTableViewCell.swift */,
				7FE5631C2B8398A3002562F3 /* PostTableViewCell.swift */,
				7FE5631A2B837D7C002562F3 /* StoriesTableViewCell.swift */,
				7FE563262B851B4C002562F3 /* PhotoNotificationTableViewCell.swift */,
				7FE563282B851B59002562F3 /* ButtonNotificationTableViewCell.swift */,
			);
			path = Cells;
			sourceTree = "<group>";
		};
		7FE563252B83E84F002562F3 /* ViewController */ = {
			isa = PBXGroup;
			children = (
				7FE5632A2B852758002562F3 /* Models */,
				7FE563162B837010002562F3 /* ProfileViewController.swift */,
				7FE563142B837008002562F3 /* NotificationViewController.swift */,
				7FE563122B836FF6002562F3 /* LentaViewController.swift */,
				7FE563332B86305C002562F3 /* MainTabBarController.swift */,
			);
			path = ViewController;
			sourceTree = "<group>";
		};
		7FE5632A2B852758002562F3 /* Models */ = {
			isa = PBXGroup;
			children = (
				7FE5632B2B852764002562F3 /* Photo.swift */,
				7FE5632D2B85276D002562F3 /* Button.swift */,
				7FE5632F2B852791002562F3 /* Enums.swift */,
				7FE563312B860D2D002562F3 /* Service.swift */,
			);
			path = Models;
			sourceTree = "<group>";
		};
/* End PBXGroup section */

/* Begin PBXNativeTarget section */
		7F42F9092B715F4F003B96B7 /* uikit-dz */ = {
			isa = PBXNativeTarget;
			buildConfigurationList = 7F42F91E2B715F50003B96B7 /* Build configuration list for PBXNativeTarget "uikit-dz" */;
			buildPhases = (
				7F42F9212B716D49003B96B7 /* Swiftlint */,
				7F42F9062B715F4F003B96B7 /* Sources */,
				7F42F9072B715F4F003B96B7 /* Frameworks */,
				7F42F9082B715F4F003B96B7 /* Resources */,
				7F42F9222B7175D6003B96B7 /* SwiftFormat */,
			);
			buildRules = (
			);
			dependencies = (
			);
			name = "uikit-dz";
			productName = "uikit-dz";
			productReference = 7F42F90A2B715F4F003B96B7 /* uikit-dz.app */;
			productType = "com.apple.product-type.application";
		};
/* End PBXNativeTarget section */

/* Begin PBXProject section */
		7F42F9022B715F4F003B96B7 /* Project object */ = {
			isa = PBXProject;
			attributes = {
				BuildIndependentTargetsInParallel = 1;
				LastSwiftUpdateCheck = 1500;
				LastUpgradeCheck = 1500;
				TargetAttributes = {
					7F42F9092B715F4F003B96B7 = {
						CreatedOnToolsVersion = 15.0.1;
					};
				};
			};
			buildConfigurationList = 7F42F9052B715F4F003B96B7 /* Build configuration list for PBXProject "uikit-dz" */;
			compatibilityVersion = "Xcode 14.0";
			developmentRegion = en;
			hasScannedForEncodings = 0;
			knownRegions = (
				en,
				Base,
			);
			mainGroup = 7F42F9012B715F4F003B96B7;
			productRefGroup = 7F42F90B2B715F4F003B96B7 /* Products */;
			projectDirPath = "";
			projectRoot = "";
			targets = (
				7F42F9092B715F4F003B96B7 /* uikit-dz */,
			);
		};
/* End PBXProject section */

/* Begin PBXResourcesBuildPhase section */
		7F42F9082B715F4F003B96B7 /* Resources */ = {
			isa = PBXResourcesBuildPhase;
			buildActionMask = 2147483647;
			files = (
				7F42F91A2B715F50003B96B7 /* LaunchScreen.storyboard in Resources */,
				7F42F9172B715F50003B96B7 /* Assets.xcassets in Resources */,
				7F42F9152B715F4F003B96B7 /* Main.storyboard in Resources */,
			);
			runOnlyForDeploymentPostprocessing = 0;
		};
/* End PBXResourcesBuildPhase section */

/* Begin PBXShellScriptBuildPhase section */
		7F42F9212B716D49003B96B7 /* Swiftlint */ = {
			isa = PBXShellScriptBuildPhase;
			alwaysOutOfDate = 1;
			buildActionMask = 2147483647;
			files = (
			);
			inputFileListPaths = (
			);
			inputPaths = (
			);
			name = Swiftlint;
			outputFileListPaths = (
			);
			outputPaths = (
			);
			runOnlyForDeploymentPostprocessing = 0;
			shellPath = /bin/sh;
			shellScript = "if [[ \"$(uname -m)\" == arm64 ]]; then\n    export PATH=\"/opt/homebrew/bin:$PATH\"\nfi\n\nif which swiftlint > /dev/null; then\n  swiftlint\nelse\n  echo \"warning: SwiftLint not installed, download from https://github.com/realm/SwiftLint\"\nfi\n";
		};
		7F42F9222B7175D6003B96B7 /* SwiftFormat */ = {
			isa = PBXShellScriptBuildPhase;
			alwaysOutOfDate = 1;
			buildActionMask = 2147483647;
			files = (
			);
			inputFileListPaths = (
			);
			inputPaths = (
			);
			name = SwiftFormat;
			outputFileListPaths = (
			);
			outputPaths = (
			);
			runOnlyForDeploymentPostprocessing = 0;
			shellPath = /bin/sh;
			shellScript = "if [[ \"$(uname -m)\" == arm64 ]]; then\n    export PATH=\"/opt/homebrew/bin:$PATH\"\nfi\n\nif which swiftformat > /dev/null; then\n  swiftformat .\nelse\n  echo \"warning: SwiftFormat not installed, download from https://github.com/nicklockwood/SwiftFormat\"\nfi\n";
		};
/* End PBXShellScriptBuildPhase section */

/* Begin PBXSourcesBuildPhase section */
		7F42F9062B715F4F003B96B7 /* Sources */ = {
			isa = PBXSourcesBuildPhase;
			buildActionMask = 2147483647;
			files = (
				7FE563272B851B4C002562F3 /* PhotoNotificationTableViewCell.swift in Sources */,
				7FE563322B860D2D002562F3 /* Service.swift in Sources */,
				7FE563342B86305C002562F3 /* MainTabBarController.swift in Sources */,
				7FE5631D2B8398A3002562F3 /* PostTableViewCell.swift in Sources */,
				7FE563172B837010002562F3 /* ProfileViewController.swift in Sources */,
				7FE563152B837008002562F3 /* NotificationViewController.swift in Sources */,
				7F42F90E2B715F4F003B96B7 /* AppDelegate.swift in Sources */,
				7FE5632E2B85276D002562F3 /* Button.swift in Sources */,
				7F42F9102B715F4F003B96B7 /* SceneDelegate.swift in Sources */,
				7FE563302B852791002562F3 /* Enums.swift in Sources */,
				7FE563292B851B59002562F3 /* ButtonNotificationTableViewCell.swift in Sources */,
				7FE563132B836FF6002562F3 /* LentaViewController.swift in Sources */,
				7FE5632C2B852764002562F3 /* Photo.swift in Sources */,
				7FE563212B83CDA5002562F3 /* RecomendationTableViewCell.swift in Sources */,
				7FE5631B2B837D7C002562F3 /* StoriesTableViewCell.swift in Sources */,
			);
			runOnlyForDeploymentPostprocessing = 0;
		};
/* End PBXSourcesBuildPhase section */

/* Begin PBXVariantGroup section */
		7F42F9132B715F4F003B96B7 /* Main.storyboard */ = {
			isa = PBXVariantGroup;
			children = (
				7F42F9142B715F4F003B96B7 /* Base */,
			);
			name = Main.storyboard;
			sourceTree = "<group>";
		};
		7F42F9182B715F50003B96B7 /* LaunchScreen.storyboard */ = {
			isa = PBXVariantGroup;
			children = (
				7F42F9192B715F50003B96B7 /* Base */,
			);
			name = LaunchScreen.storyboard;
			sourceTree = "<group>";
		};
/* End PBXVariantGroup section */

/* Begin XCBuildConfiguration section */
		7F42F91C2B715F50003B96B7 /* Debug */ = {
			isa = XCBuildConfiguration;
			buildSettings = {
				ALWAYS_SEARCH_USER_PATHS = NO;
				ASSETCATALOG_COMPILER_GENERATE_SWIFT_ASSET_SYMBOL_EXTENSIONS = YES;
				CLANG_ANALYZER_NONNULL = YES;
				CLANG_ANALYZER_NUMBER_OBJECT_CONVERSION = YES_AGGRESSIVE;
				CLANG_CXX_LANGUAGE_STANDARD = "gnu++20";
				CLANG_ENABLE_MODULES = YES;
				CLANG_ENABLE_OBJC_ARC = YES;
				CLANG_ENABLE_OBJC_WEAK = YES;
				CLANG_WARN_BLOCK_CAPTURE_AUTORELEASING = YES;
				CLANG_WARN_BOOL_CONVERSION = YES;
				CLANG_WARN_COMMA = YES;
				CLANG_WARN_CONSTANT_CONVERSION = YES;
				CLANG_WARN_DEPRECATED_OBJC_IMPLEMENTATIONS = YES;
				CLANG_WARN_DIRECT_OBJC_ISA_USAGE = YES_ERROR;
				CLANG_WARN_DOCUMENTATION_COMMENTS = YES;
				CLANG_WARN_EMPTY_BODY = YES;
				CLANG_WARN_ENUM_CONVERSION = YES;
				CLANG_WARN_INFINITE_RECURSION = YES;
				CLANG_WARN_INT_CONVERSION = YES;
				CLANG_WARN_NON_LITERAL_NULL_CONVERSION = YES;
				CLANG_WARN_OBJC_IMPLICIT_RETAIN_SELF = YES;
				CLANG_WARN_OBJC_LITERAL_CONVERSION = YES;
				CLANG_WARN_OBJC_ROOT_CLASS = YES_ERROR;
				CLANG_WARN_QUOTED_INCLUDE_IN_FRAMEWORK_HEADER = YES;
				CLANG_WARN_RANGE_LOOP_ANALYSIS = YES;
				CLANG_WARN_STRICT_PROTOTYPES = YES;
				CLANG_WARN_SUSPICIOUS_MOVE = YES;
				CLANG_WARN_UNGUARDED_AVAILABILITY = YES_AGGRESSIVE;
				CLANG_WARN_UNREACHABLE_CODE = YES;
				CLANG_WARN__DUPLICATE_METHOD_MATCH = YES;
				COPY_PHASE_STRIP = NO;
				DEBUG_INFORMATION_FORMAT = dwarf;
				ENABLE_STRICT_OBJC_MSGSEND = YES;
				ENABLE_TESTABILITY = YES;
				ENABLE_USER_SCRIPT_SANDBOXING = YES;
				GCC_C_LANGUAGE_STANDARD = gnu17;
				GCC_DYNAMIC_NO_PIC = NO;
				GCC_NO_COMMON_BLOCKS = YES;
				GCC_OPTIMIZATION_LEVEL = 0;
				GCC_PREPROCESSOR_DEFINITIONS = (
					"DEBUG=1",
					"$(inherited)",
				);
				GCC_WARN_64_TO_32_BIT_CONVERSION = YES;
				GCC_WARN_ABOUT_RETURN_TYPE = YES_ERROR;
				GCC_WARN_UNDECLARED_SELECTOR = YES;
				GCC_WARN_UNINITIALIZED_AUTOS = YES_AGGRESSIVE;
				GCC_WARN_UNUSED_FUNCTION = YES;
				GCC_WARN_UNUSED_VARIABLE = YES;
				IPHONEOS_DEPLOYMENT_TARGET = 17.0;
				LOCALIZATION_PREFERS_STRING_CATALOGS = YES;
				MTL_ENABLE_DEBUG_INFO = INCLUDE_SOURCE;
				MTL_FAST_MATH = YES;
				ONLY_ACTIVE_ARCH = YES;
				SDKROOT = iphoneos;
				SWIFT_ACTIVE_COMPILATION_CONDITIONS = "DEBUG $(inherited)";
				SWIFT_OPTIMIZATION_LEVEL = "-Onone";
			};
			name = Debug;
		};
		7F42F91D2B715F50003B96B7 /* Release */ = {
			isa = XCBuildConfiguration;
			buildSettings = {
				ALWAYS_SEARCH_USER_PATHS = NO;
				ASSETCATALOG_COMPILER_GENERATE_SWIFT_ASSET_SYMBOL_EXTENSIONS = YES;
				CLANG_ANALYZER_NONNULL = YES;
				CLANG_ANALYZER_NUMBER_OBJECT_CONVERSION = YES_AGGRESSIVE;
				CLANG_CXX_LANGUAGE_STANDARD = "gnu++20";
				CLANG_ENABLE_MODULES = YES;
				CLANG_ENABLE_OBJC_ARC = YES;
				CLANG_ENABLE_OBJC_WEAK = YES;
				CLANG_WARN_BLOCK_CAPTURE_AUTORELEASING = YES;
				CLANG_WARN_BOOL_CONVERSION = YES;
				CLANG_WARN_COMMA = YES;
				CLANG_WARN_CONSTANT_CONVERSION = YES;
				CLANG_WARN_DEPRECATED_OBJC_IMPLEMENTATIONS = YES;
				CLANG_WARN_DIRECT_OBJC_ISA_USAGE = YES_ERROR;
				CLANG_WARN_DOCUMENTATION_COMMENTS = YES;
				CLANG_WARN_EMPTY_BODY = YES;
				CLANG_WARN_ENUM_CONVERSION = YES;
				CLANG_WARN_INFINITE_RECURSION = YES;
				CLANG_WARN_INT_CONVERSION = YES;
				CLANG_WARN_NON_LITERAL_NULL_CONVERSION = YES;
				CLANG_WARN_OBJC_IMPLICIT_RETAIN_SELF = YES;
				CLANG_WARN_OBJC_LITERAL_CONVERSION = YES;
				CLANG_WARN_OBJC_ROOT_CLASS = YES_ERROR;
				CLANG_WARN_QUOTED_INCLUDE_IN_FRAMEWORK_HEADER = YES;
				CLANG_WARN_RANGE_LOOP_ANALYSIS = YES;
				CLANG_WARN_STRICT_PROTOTYPES = YES;
				CLANG_WARN_SUSPICIOUS_MOVE = YES;
				CLANG_WARN_UNGUARDED_AVAILABILITY = YES_AGGRESSIVE;
				CLANG_WARN_UNREACHABLE_CODE = YES;
				CLANG_WARN__DUPLICATE_METHOD_MATCH = YES;
				COPY_PHASE_STRIP = NO;
				DEBUG_INFORMATION_FORMAT = "dwarf-with-dsym";
				ENABLE_NS_ASSERTIONS = NO;
				ENABLE_STRICT_OBJC_MSGSEND = YES;
				ENABLE_USER_SCRIPT_SANDBOXING = YES;
				GCC_C_LANGUAGE_STANDARD = gnu17;
				GCC_NO_COMMON_BLOCKS = YES;
				GCC_WARN_64_TO_32_BIT_CONVERSION = YES;
				GCC_WARN_ABOUT_RETURN_TYPE = YES_ERROR;
				GCC_WARN_UNDECLARED_SELECTOR = YES;
				GCC_WARN_UNINITIALIZED_AUTOS = YES_AGGRESSIVE;
				GCC_WARN_UNUSED_FUNCTION = YES;
				GCC_WARN_UNUSED_VARIABLE = YES;
				IPHONEOS_DEPLOYMENT_TARGET = 17.0;
				LOCALIZATION_PREFERS_STRING_CATALOGS = YES;
				MTL_ENABLE_DEBUG_INFO = NO;
				MTL_FAST_MATH = YES;
				SDKROOT = iphoneos;
				SWIFT_COMPILATION_MODE = wholemodule;
				VALIDATE_PRODUCT = YES;
			};
			name = Release;
		};
		7F42F91F2B715F50003B96B7 /* Debug */ = {
			isa = XCBuildConfiguration;
			buildSettings = {
				ASSETCATALOG_COMPILER_APPICON_NAME = AppIcon;
				ASSETCATALOG_COMPILER_GLOBAL_ACCENT_COLOR_NAME = AccentColor;
				CODE_SIGN_STYLE = Automatic;
				CURRENT_PROJECT_VERSION = 1;
				ENABLE_USER_SCRIPT_SANDBOXING = NO;
				GENERATE_INFOPLIST_FILE = YES;
				INFOPLIST_FILE = "uikit-dz/App/Info.plist";
				INFOPLIST_KEY_UIApplicationSupportsIndirectInputEvents = YES;
				INFOPLIST_KEY_UILaunchStoryboardName = LaunchScreen;
				INFOPLIST_KEY_UIMainStoryboardFile = Main;
				INFOPLIST_KEY_UISupportedInterfaceOrientations_iPad = "UIInterfaceOrientationPortrait UIInterfaceOrientationPortraitUpsideDown UIInterfaceOrientationLandscapeLeft UIInterfaceOrientationLandscapeRight";
				INFOPLIST_KEY_UISupportedInterfaceOrientations_iPhone = "UIInterfaceOrientationPortrait UIInterfaceOrientationLandscapeLeft UIInterfaceOrientationLandscapeRight";
				LD_RUNPATH_SEARCH_PATHS = (
					"$(inherited)",
					"@executable_path/Frameworks",
				);
				MARKETING_VERSION = 1.0;
				PRODUCT_BUNDLE_IDENTIFIER = "adad.uikit-dz";
				PRODUCT_NAME = "$(TARGET_NAME)";
				SWIFT_EMIT_LOC_STRINGS = YES;
				SWIFT_VERSION = 5.0;
				TARGETED_DEVICE_FAMILY = "1,2";
			};
			name = Debug;
		};
		7F42F9202B715F50003B96B7 /* Release */ = {
			isa = XCBuildConfiguration;
			buildSettings = {
				ASSETCATALOG_COMPILER_APPICON_NAME = AppIcon;
				ASSETCATALOG_COMPILER_GLOBAL_ACCENT_COLOR_NAME = AccentColor;
				CODE_SIGN_STYLE = Automatic;
				CURRENT_PROJECT_VERSION = 1;
				ENABLE_USER_SCRIPT_SANDBOXING = NO;
				GENERATE_INFOPLIST_FILE = YES;
				INFOPLIST_FILE = "uikit-dz/App/Info.plist";
				INFOPLIST_KEY_UIApplicationSupportsIndirectInputEvents = YES;
				INFOPLIST_KEY_UILaunchStoryboardName = LaunchScreen;
				INFOPLIST_KEY_UIMainStoryboardFile = Main;
				INFOPLIST_KEY_UISupportedInterfaceOrientations_iPad = "UIInterfaceOrientationPortrait UIInterfaceOrientationPortraitUpsideDown UIInterfaceOrientationLandscapeLeft UIInterfaceOrientationLandscapeRight";
				INFOPLIST_KEY_UISupportedInterfaceOrientations_iPhone = "UIInterfaceOrientationPortrait UIInterfaceOrientationLandscapeLeft UIInterfaceOrientationLandscapeRight";
				LD_RUNPATH_SEARCH_PATHS = (
					"$(inherited)",
					"@executable_path/Frameworks",
				);
				MARKETING_VERSION = 1.0;
				PRODUCT_BUNDLE_IDENTIFIER = "adad.uikit-dz";
				PRODUCT_NAME = "$(TARGET_NAME)";
				SWIFT_EMIT_LOC_STRINGS = YES;
				SWIFT_VERSION = 5.0;
				TARGETED_DEVICE_FAMILY = "1,2";
			};
			name = Release;
		};
/* End XCBuildConfiguration section */

/* Begin XCConfigurationList section */
		7F42F9052B715F4F003B96B7 /* Build configuration list for PBXProject "uikit-dz" */ = {
			isa = XCConfigurationList;
			buildConfigurations = (
				7F42F91C2B715F50003B96B7 /* Debug */,
				7F42F91D2B715F50003B96B7 /* Release */,
			);
			defaultConfigurationIsVisible = 0;
			defaultConfigurationName = Release;
		};
		7F42F91E2B715F50003B96B7 /* Build configuration list for PBXNativeTarget "uikit-dz" */ = {
			isa = XCConfigurationList;
			buildConfigurations = (
				7F42F91F2B715F50003B96B7 /* Debug */,
				7F42F9202B715F50003B96B7 /* Release */,
			);
			defaultConfigurationIsVisible = 0;
			defaultConfigurationName = Release;
		};
/* End XCConfigurationList section */
	};
	rootObject = 7F42F9022B715F4F003B96B7 /* Project object */;
}
